
Microsoft Visual Studio Solution File, Format Version 12.00
# Visual Studio Version 17
VisualStudioVersion = 17.5.33516.290
MinimumVisualStudioVersion = 10.0.40219.1
Project("{FAE04EC0-301F-11D3-BF4B-00C04F79EFBC}") = "DbGui", "DbGui.csproj", "{8CD2D875-50C2-42EC-94FF-A6242F2E4350}"
EndProject
Global
	GlobalSection(SolutionConfigurationPlatforms) = preSolution
		Debug|Any CPU = Debug|Any CPU
		Release|Any CPU = Release|Any CPU
	EndGlobalSection
	GlobalSection(ProjectConfigurationPlatforms) = postSolution
		{8CD2D875-50C2-42EC-94FF-A6242F2E4350}.Debug|Any CPU.ActiveCfg = Debug|Any CPU
		{8CD2D875-50C2-42EC-94FF-A6242F2E4350}.Debug|Any CPU.Build.0 = Debug|Any CPU
		{8CD2D875-50C2-42EC-94FF-A6242F2E4350}.Release|Any CPU.ActiveCfg = Release|Any CPU
		{8CD2D875-50C2-42EC-94FF-A6242F2E4350}.Release|Any CPU.Build.0 = Release|Any CPU
	EndGlobalSection
	GlobalSection(SolutionProperties) = preSolution
		HideSolutionNode = FALSE
	EndGlobalSection
	GlobalSection(ExtensibilityGlobals) = postSolution
		SolutionGuid = {B657628F-29EC-4BD7-BEE1-3177CC5DF813}
	EndGlobalSection
EndGlobal
